
Microsoft Visual Studio Solution File, Format Version 12.00
# Visual Studio 15
VisualStudioVersion = 15.0.26228.4
MinimumVisualStudioVersion = 10.0.40219.1
Project("{E24C65DC-7377-472B-9ABA-BC803B73C61A}") = "LTUtcsWeb", ".", "{C2FE39DD-8287-4499-8AFB-8007E2E2AE18}"
	ProjectSection(WebsiteProperties) = preProject
		TargetFrameworkMoniker = ".NETFramework,Version%3Dv4.6"
		Debug.AspNetCompiler.VirtualPath = "/localhost_62368"
		Debug.AspNetCompiler.PhysicalPath = "..\LTUtcsWeb\"
		Debug.AspNetCompiler.TargetPath = "PrecompiledWeb\localhost_62368\"
		Debug.AspNetCompiler.Updateable = "true"
		Debug.AspNetCompiler.ForceOverwrite = "true"
		Debug.AspNetCompiler.FixedNames = "false"
		Debug.AspNetCompiler.Debug = "True"
		Release.AspNetCompiler.VirtualPath = "/localhost_62368"
		Release.AspNetCompiler.PhysicalPath = "..\LTUtcsWeb\"
		Release.AspNetCompiler.TargetPath = "PrecompiledWeb\localhost_62368\"
		Release.AspNetCompiler.Updateable = "true"
		Release.AspNetCompiler.ForceOverwrite = "true"
		Release.AspNetCompiler.FixedNames = "false"
		Release.AspNetCompiler.Debug = "False"
		VWDPort = "62368"
		SlnRelativePath = "..\LTUtcsWeb\"
	EndProjectSection
EndProject
Global
	GlobalSection(SolutionConfigurationPlatforms) = preSolution
		Debug|Any CPU = Debug|Any CPU
	EndGlobalSection
	GlobalSection(ProjectConfigurationPlatforms) = postSolution
		{C2FE39DD-8287-4499-8AFB-8007E2E2AE18}.Debug|Any CPU.ActiveCfg = Debug|Any CPU
		{C2FE39DD-8287-4499-8AFB-8007E2E2AE18}.Debug|Any CPU.Build.0 = Debug|Any CPU
	EndGlobalSection
	GlobalSection(SolutionProperties) = preSolution
		HideSolutionNode = FALSE
	EndGlobalSection
EndGlobal
